
Microsoft Visual Studio Solution File, Format Version 12.00
Project("{FAE04EC0-301F-11D3-BF4B-00C04F79EFBC}") = "IISProject.Api.App", "IISProject.Api.App\IISProject.Api.App.csproj", "{C999CFB5-B2DB-4BA0-B917-4FD0F2F3C965}"
EndProject
Project("{2150E333-8FDC-42A3-9474-1A3956D46DE8}") = "Api", "Api", "{E12D1A84-0969-44FC-A753-B729D3E20DDC}"
EndProject
Project("{2150E333-8FDC-42A3-9474-1A3956D46DE8}") = "DAL", "DAL", "{B13591AA-5130-44D3-A235-773A27EC81CB}"
EndProject
Project("{2150E333-8FDC-42A3-9474-1A3956D46DE8}") = "BL", "BL", "{D3FF2A25-A170-4B7F-9510-8450B51F30B3}"
EndProject
Project("{2150E333-8FDC-42A3-9474-1A3956D46DE8}") = "Common", "Common", "{05D87F4A-ED27-4899-AAA4-54F216FC7059}"
EndProject
Project("{FAE04EC0-301F-11D3-BF4B-00C04F79EFBC}") = "IISProject.Api.DAL", "IISProject.Api.DAL\IISProject.Api.DAL.csproj", "{7846D717-7B80-4451-8407-7EF62BCEC609}"
EndProject
Project("{FAE04EC0-301F-11D3-BF4B-00C04F79EFBC}") = "IISProject.Api.DAL.Common", "IISProject.Api.DAL.Common\IISProject.Api.DAL.Common.csproj", "{EEEF8914-2A9F-4FC1-B2C3-BEBB3FA1A5CA}"
EndProject
Project("{FAE04EC0-301F-11D3-BF4B-00C04F79EFBC}") = "IISProject.Api.BL", "IISProject.Api.BL\IISProject.Api.BL.csproj", "{0235F7CD-1148-42D4-9F56-CACA8095C1D8}"
EndProject
Global
	GlobalSection(SolutionConfigurationPlatforms) = preSolution
		Debug|Any CPU = Debug|Any CPU
		Release|Any CPU = Release|Any CPU
	EndGlobalSection
	GlobalSection(ProjectConfigurationPlatforms) = postSolution
		{C999CFB5-B2DB-4BA0-B917-4FD0F2F3C965}.Debug|Any CPU.ActiveCfg = Debug|Any CPU
		{C999CFB5-B2DB-4BA0-B917-4FD0F2F3C965}.Debug|Any CPU.Build.0 = Debug|Any CPU
		{C999CFB5-B2DB-4BA0-B917-4FD0F2F3C965}.Release|Any CPU.ActiveCfg = Release|Any CPU
		{C999CFB5-B2DB-4BA0-B917-4FD0F2F3C965}.Release|Any CPU.Build.0 = Release|Any CPU
		{7846D717-7B80-4451-8407-7EF62BCEC609}.Debug|Any CPU.ActiveCfg = Debug|Any CPU
		{7846D717-7B80-4451-8407-7EF62BCEC609}.Debug|Any CPU.Build.0 = Debug|Any CPU
		{7846D717-7B80-4451-8407-7EF62BCEC609}.Release|Any CPU.ActiveCfg = Release|Any CPU
		{7846D717-7B80-4451-8407-7EF62BCEC609}.Release|Any CPU.Build.0 = Release|Any CPU
		{EEEF8914-2A9F-4FC1-B2C3-BEBB3FA1A5CA}.Debug|Any CPU.ActiveCfg = Debug|Any CPU
		{EEEF8914-2A9F-4FC1-B2C3-BEBB3FA1A5CA}.Debug|Any CPU.Build.0 = Debug|Any CPU
		{EEEF8914-2A9F-4FC1-B2C3-BEBB3FA1A5CA}.Release|Any CPU.ActiveCfg = Release|Any CPU
		{EEEF8914-2A9F-4FC1-B2C3-BEBB3FA1A5CA}.Release|Any CPU.Build.0 = Release|Any CPU
		{0235F7CD-1148-42D4-9F56-CACA8095C1D8}.Debug|Any CPU.ActiveCfg = Debug|Any CPU
		{0235F7CD-1148-42D4-9F56-CACA8095C1D8}.Debug|Any CPU.Build.0 = Debug|Any CPU
		{0235F7CD-1148-42D4-9F56-CACA8095C1D8}.Release|Any CPU.ActiveCfg = Release|Any CPU
		{0235F7CD-1148-42D4-9F56-CACA8095C1D8}.Release|Any CPU.Build.0 = Release|Any CPU
	EndGlobalSection
	GlobalSection(NestedProjects) = preSolution
		{C999CFB5-B2DB-4BA0-B917-4FD0F2F3C965} = {E12D1A84-0969-44FC-A753-B729D3E20DDC}
		{B13591AA-5130-44D3-A235-773A27EC81CB} = {E12D1A84-0969-44FC-A753-B729D3E20DDC}
		{D3FF2A25-A170-4B7F-9510-8450B51F30B3} = {E12D1A84-0969-44FC-A753-B729D3E20DDC}
		{05D87F4A-ED27-4899-AAA4-54F216FC7059} = {E12D1A84-0969-44FC-A753-B729D3E20DDC}
		{7846D717-7B80-4451-8407-7EF62BCEC609} = {B13591AA-5130-44D3-A235-773A27EC81CB}
		{EEEF8914-2A9F-4FC1-B2C3-BEBB3FA1A5CA} = {B13591AA-5130-44D3-A235-773A27EC81CB}
		{0235F7CD-1148-42D4-9F56-CACA8095C1D8} = {D3FF2A25-A170-4B7F-9510-8450B51F30B3}
	EndGlobalSection
EndGlobal
